{
  "name": "iiko-delivery",
  "version": "0.0.3",
  "lockfileVersion": 1,
  "requires": true,
  "dependencies": {
    "iiko-request": {
      "version": "0.0.5",
      "resolved": "https://registry.npmjs.org/iiko-request/-/iiko-request-0.0.5.tgz",
      "integrity": "sha1-F3q2fP0uQUhWHOeP1h73mY31/EM="
    }
  }
}
